
Microsoft Visual Studio Solution File, Format Version 12.00
# Visual Studio Version 17
VisualStudioVersion = 17.4.33213.308
MinimumVisualStudioVersion = 10.0.40219.1
Project("{8BC9CEB8-8B4A-11D0-8D11-00A0C91BC942}") = "15649", "15649\15649.vcxproj", "{6036C414-69C1-4B98-98E0-A05EB2DCC364}"
EndProject
Global
	GlobalSection(SolutionConfigurationPlatforms) = preSolution
		Debug|x64 = Debug|x64
		Debug|x86 = Debug|x86
		Release|x64 = Release|x64
		Release|x86 = Release|x86
	EndGlobalSection
	GlobalSection(ProjectConfigurationPlatforms) = postSolution
		{6036C414-69C1-4B98-98E0-A05EB2DCC364}.Debug|x64.ActiveCfg = Debug|x64
		{6036C414-69C1-4B98-98E0-A05EB2DCC364}.Debug|x64.Build.0 = Debug|x64
		{6036C414-69C1-4B98-98E0-A05EB2DCC364}.Debug|x86.ActiveCfg = Debug|Win32
		{6036C414-69C1-4B98-98E0-A05EB2DCC364}.Debug|x86.Build.0 = Debug|Win32
		{6036C414-69C1-4B98-98E0-A05EB2DCC364}.Release|x64.ActiveCfg = Release|x64
		{6036C414-69C1-4B98-98E0-A05EB2DCC364}.Release|x64.Build.0 = Release|x64
		{6036C414-69C1-4B98-98E0-A05EB2DCC364}.Release|x86.ActiveCfg = Release|Win32
		{6036C414-69C1-4B98-98E0-A05EB2DCC364}.Release|x86.Build.0 = Release|Win32
	EndGlobalSection
	GlobalSection(SolutionProperties) = preSolution
		HideSolutionNode = FALSE
	EndGlobalSection
	GlobalSection(ExtensibilityGlobals) = postSolution
		SolutionGuid = {486D5D6C-A70A-4DF1-9468-2406F15297FF}
	EndGlobalSection
EndGlobal
